{
  "requires": true,
  "lockfileVersion": 1,
  "dependencies": {
    "vue": {
      "version": "2.6.12",
      "resolved": "https://registry.npmjs.org/vue/-/vue-2.6.12.tgz",
      "integrity": "sha512-uhmLFETqPPNyuLLbsKz6ioJ4q7AZHzD8ZVFNATNyICSZouqP2Sz0rotWQC8UNBF6VGSCs5abnKJoStA6JbCbfg=="
    },
    "vue-currency-filter": {
      "version": "5.2.0",
      "resolved": "https://registry.npmjs.org/vue-currency-filter/-/vue-currency-filter-5.2.0.tgz",
      "integrity": "sha512-31XXEtXLDf3A7mdIAoyEkZTwpti22omp4MjoVKv0ksIC8Gk9RqW5xzeqvubeIlrxACvCPjKNTwqTmUrxFplDHw=="
    }
  }
}
